
Microsoft Visual Studio Solution File, Format Version 12.00
# Visual Studio Version 17
VisualStudioVersion = 17.0.32126.317
MinimumVisualStudioVersion = 10.0.40219.1
Project("{9A19103F-16F7-4668-BE54-9A1E7A4F7556}") = "HospitalApi", "HospitalApi\HospitalApi.csproj", "{1101CB4E-6119-4C80-AB8A-AD2D227FD0A7}"
EndProject
Global
	GlobalSection(SolutionConfigurationPlatforms) = preSolution
		Debug|Any CPU = Debug|Any CPU
		Release|Any CPU = Release|Any CPU
	EndGlobalSection
	GlobalSection(ProjectConfigurationPlatforms) = postSolution
		{1101CB4E-6119-4C80-AB8A-AD2D227FD0A7}.Debug|Any CPU.ActiveCfg = Debug|Any CPU
		{1101CB4E-6119-4C80-AB8A-AD2D227FD0A7}.Debug|Any CPU.Build.0 = Debug|Any CPU
		{1101CB4E-6119-4C80-AB8A-AD2D227FD0A7}.Release|Any CPU.ActiveCfg = Release|Any CPU
		{1101CB4E-6119-4C80-AB8A-AD2D227FD0A7}.Release|Any CPU.Build.0 = Release|Any CPU
	EndGlobalSection
	GlobalSection(SolutionProperties) = preSolution
		HideSolutionNode = FALSE
	EndGlobalSection
	GlobalSection(ExtensibilityGlobals) = postSolution
		SolutionGuid = {9E7D7D97-DFDD-4CF2-9510-080800FBE9B3}
	EndGlobalSection
EndGlobal
